
Microsoft Visual Studio Solution File, Format Version 12.00
# Visual Studio Version 17
VisualStudioVersion = 17.7.34018.315
MinimumVisualStudioVersion = 10.0.40219.1
Project("{9A19103F-16F7-4668-BE54-9A1E7A4F7556}") = "WiredBrainCoffee.StackApp", "WiredBrainCoffee.StackApp\WiredBrainCoffee.StackApp.csproj", "{B02EC402-FE1A-4BC6-8667-6873A2851CE7}"
EndProject
Project("{FAE04EC0-301F-11D3-BF4B-00C04F79EFBC}") = "WiredBrainCoffee.StorageApp", "WiredBrainCoffee.StorageApp\WiredBrainCoffee.StorageApp.csproj", "{611A4645-32F1-41DB-A390-5E868C0C5B32}"
EndProject
Global
	GlobalSection(SolutionConfigurationPlatforms) = preSolution
		Debug|Any CPU = Debug|Any CPU
		Release|Any CPU = Release|Any CPU
	EndGlobalSection
	GlobalSection(ProjectConfigurationPlatforms) = postSolution
		{B02EC402-FE1A-4BC6-8667-6873A2851CE7}.Debug|Any CPU.ActiveCfg = Debug|Any CPU
		{B02EC402-FE1A-4BC6-8667-6873A2851CE7}.Debug|Any CPU.Build.0 = Debug|Any CPU
		{B02EC402-FE1A-4BC6-8667-6873A2851CE7}.Release|Any CPU.ActiveCfg = Release|Any CPU
		{B02EC402-FE1A-4BC6-8667-6873A2851CE7}.Release|Any CPU.Build.0 = Release|Any CPU
		{611A4645-32F1-41DB-A390-5E868C0C5B32}.Debug|Any CPU.ActiveCfg = Debug|Any CPU
		{611A4645-32F1-41DB-A390-5E868C0C5B32}.Debug|Any CPU.Build.0 = Debug|Any CPU
		{611A4645-32F1-41DB-A390-5E868C0C5B32}.Release|Any CPU.ActiveCfg = Release|Any CPU
		{611A4645-32F1-41DB-A390-5E868C0C5B32}.Release|Any CPU.Build.0 = Release|Any CPU
	EndGlobalSection
	GlobalSection(SolutionProperties) = preSolution
		HideSolutionNode = FALSE
	EndGlobalSection
EndGlobal
